github.com/cloudflare/circl v1.3.8 h1:j+V8jJt09PoeMFIu2uh5JUyEaIHTXVOHslFoLNAKqwI=
github.com/cloudflare/circl v1.3.8/go.mod h1:PDRU+oXvdD7KCtgKxW95M5Z8BpSCJXQORiZFnBQS5QU=
golang.org/x/sys v0.10.0 h1:SqMFp9UcQJZa+pmYuAKjd9xq1f0j5rLcDIk0mj4qAsA=
golang.org/x/sys v0.10.0/go.mod h1:oPkhp1MJrh7nUepCBck5+mAzfO9JrbApNNgaTdGDITg=
